
Microsoft Visual Studio Solution File, Format Version 12.00
# Visual Studio 15
Project("{FAE04EC0-301F-11D3-BF4B-00C04F79EFBC}") = "UnityEngine.UI", "UnityEngine.UI.csproj", "{5F72B682-5E5E-6244-9179-BC7BDE98472D}"
EndProject
Project("{FAE04EC0-301F-11D3-BF4B-00C04F79EFBC}") = "UnityEngine.TestRunner", "UnityEngine.TestRunner.csproj", "{47D802D0-4DDB-26BE-3127-17FAC0CCBC03}"
EndProject
Project("{FAE04EC0-301F-11D3-BF4B-00C04F79EFBC}") = "Unity.Mathematics", "Unity.Mathematics.csproj", "{3BCB8545-D362-4D4A-997C-8FBEEF6498FC}"
EndProject
Project("{FAE04EC0-301F-11D3-BF4B-00C04F79EFBC}") = "Unity.Timeline", "Unity.Timeline.csproj", "{2391AD8D-996B-4FDD-AABC-94DEBBBE1F5D}"
EndProject
Project("{FAE04EC0-301F-11D3-BF4B-00C04F79EFBC}") = "Unity.TextMeshPro", "Unity.TextMeshPro.csproj", "{3259524A-498C-6879-DB3F-50323481811D}"
EndProject
Project("{FAE04EC0-301F-11D3-BF4B-00C04F79EFBC}") = "Unity.2D.Animation.Runtime", "Unity.2D.Animation.Runtime.csproj", "{6A62178D-A9C3-7041-0EB5-2BA3FDFD84FD}"
EndProject
Project("{FAE04EC0-301F-11D3-BF4B-00C04F79EFBC}") = "Unity.2D.IK.Runtime", "Unity.2D.IK.Runtime.csproj", "{03AD740B-1CBE-BF58-A048-65C09B2103D3}"
EndProject
Project("{FAE04EC0-301F-11D3-BF4B-00C04F79EFBC}") = "Unity.2D.SpriteShape.Runtime", "Unity.2D.SpriteShape.Runtime.csproj", "{8852BCBD-DC84-E218-913B-90F9E32DB672}"
EndProject
Project("{FAE04EC0-301F-11D3-BF4B-00C04F79EFBC}") = "Assembly-CSharp", "Assembly-CSharp.csproj", "{A4AF7DC0-83E0-8134-0952-50091179DEF6}"
EndProject
Project("{FAE04EC0-301F-11D3-BF4B-00C04F79EFBC}") = "Unity.2D.PixelPerfect", "Unity.2D.PixelPerfect.csproj", "{1661D226-254B-8AAE-EC59-35AA432128BB}"
EndProject
Project("{FAE04EC0-301F-11D3-BF4B-00C04F79EFBC}") = "Unity.2D.Common.Runtime", "Unity.2D.Common.Runtime.csproj", "{E8C7DDB1-6BD7-AA94-7755-C9EB52D013B5}"
EndProject
Project("{FAE04EC0-301F-11D3-BF4B-00C04F79EFBC}") = "Unity.InternalAPIEngineBridge.001", "Unity.InternalAPIEngineBridge.001.csproj", "{291B6558-7A02-96AA-C7A5-421A526CA526}"
EndProject
Project("{FAE04EC0-301F-11D3-BF4B-00C04F79EFBC}") = "UnityEditor.TestRunner", "UnityEditor.TestRunner.csproj", "{2EAE1F71-E4D3-3634-7044-8AB63F06C3F7}"
EndProject
Project("{FAE04EC0-301F-11D3-BF4B-00C04F79EFBC}") = "Unity.PlasticSCM.Editor", "Unity.PlasticSCM.Editor.csproj", "{4A6E0693-76D3-1C5C-822E-85F7836551B5}"
EndProject
Project("{FAE04EC0-301F-11D3-BF4B-00C04F79EFBC}") = "Unity.2D.Animation.Triangle.Editor", "Unity.2D.Animation.Triangle.Editor.csproj", "{FE00C2E0-0698-D5F6-A718-74AF7CE9562D}"
EndProject
Project("{FAE04EC0-301F-11D3-BF4B-00C04F79EFBC}") = "UnityEditor.UI", "UnityEditor.UI.csproj", "{3DBC4CBF-4066-BB2A-A18B-387D9B909D9C}"
EndProject
Project("{FAE04EC0-301F-11D3-BF4B-00C04F79EFBC}") = "Unity.Services.Core.Editor", "Unity.Services.Core.Editor.csproj", "{6D09D959-ECD1-8DDA-EACF-B85DFFE44059}"
EndProject
Project("{FAE04EC0-301F-11D3-BF4B-00C04F79EFBC}") = "Unity.Timeline.Editor", "Unity.Timeline.Editor.csproj", "{E692A7B7-26D1-1105-D0AF-1F200B8DB8A5}"
EndProject
Project("{FAE04EC0-301F-11D3-BF4B-00C04F79EFBC}") = "Unity.VisualStudio.Editor", "Unity.VisualStudio.Editor.csproj", "{AF9E8F3A-66BA-B187-9166-72086CD1655A}"
EndProject
Project("{FAE04EC0-301F-11D3-BF4B-00C04F79EFBC}") = "Unity.2D.Psdimporter.Editor", "Unity.2D.Psdimporter.Editor.csproj", "{0B05C89A-186C-D742-98E9-4E15840B4D45}"
EndProject
Project("{FAE04EC0-301F-11D3-BF4B-00C04F79EFBC}") = "Unity.2D.Animation.Editor", "Unity.2D.Animation.Editor.csproj", "{16DB0CAB-3C0D-11EE-9906-07BAF8DF4150}"
EndProject
Project("{FAE04EC0-301F-11D3-BF4B-00C04F79EFBC}") = "Unity.TextMeshPro.Editor", "Unity.TextMeshPro.Editor.csproj", "{52A24C81-036E-AA61-9812-E8EDCC9BC375}"
EndProject
Project("{FAE04EC0-301F-11D3-BF4B-00C04F79EFBC}") = "Unity.2D.SpriteShape.Editor", "Unity.2D.SpriteShape.Editor.csproj", "{091F65BE-DF01-8A42-58C9-42CE015306EA}"
EndProject
Project("{FAE04EC0-301F-11D3-BF4B-00C04F79EFBC}") = "Unity.CollabProxy.Editor", "Unity.CollabProxy.Editor.csproj", "{E74A8892-A61E-9F53-FA6C-AD6B1399E408}"
EndProject
Project("{FAE04EC0-301F-11D3-BF4B-00C04F79EFBC}") = "PsdPlugin", "PsdPlugin.csproj", "{0E51CA41-6D88-BEFC-7CDA-6B8543BEB669}"
EndProject
Project("{FAE04EC0-301F-11D3-BF4B-00C04F79EFBC}") = "Unity.2D.Path.Editor", "Unity.2D.Path.Editor.csproj", "{9DCDE630-6BC5-3010-4744-15CA26239813}"
EndProject
Project("{FAE04EC0-301F-11D3-BF4B-00C04F79EFBC}") = "Unity.Rider.Editor", "Unity.Rider.Editor.csproj", "{1C44A382-FA02-CFF6-F984-B4926A497302}"
EndProject
Project("{FAE04EC0-301F-11D3-BF4B-00C04F79EFBC}") = "Unity.2D.IK.Editor", "Unity.2D.IK.Editor.csproj", "{790C9FFD-021B-A4D9-E889-3F691D240556}"
EndProject
Project("{FAE04EC0-301F-11D3-BF4B-00C04F79EFBC}") = "Unity.2D.Sprite.Editor", "Unity.2D.Sprite.Editor.csproj", "{80DB0590-4059-B4A7-4284-A841E191AB38}"
EndProject
Project("{FAE04EC0-301F-11D3-BF4B-00C04F79EFBC}") = "Unity.2D.Tilemap.Editor", "Unity.2D.Tilemap.Editor.csproj", "{A8D44F87-D42E-4DAE-70FE-A5CDAFAD68FF}"
EndProject
Project("{FAE04EC0-301F-11D3-BF4B-00C04F79EFBC}") = "Unity.2D.PixelPerfect.Editor", "Unity.2D.PixelPerfect.Editor.csproj", "{068BFA04-708E-3EC3-9560-F3343F3B764F}"
EndProject
Project("{FAE04EC0-301F-11D3-BF4B-00C04F79EFBC}") = "Unity.VSCode.Editor", "Unity.VSCode.Editor.csproj", "{9967E47D-1517-E437-FD0D-D96F5546DB2E}"
EndProject
Project("{FAE04EC0-301F-11D3-BF4B-00C04F79EFBC}") = "Unity.2D.Common.Editor", "Unity.2D.Common.Editor.csproj", "{BE1F0C22-C643-7599-E5A2-58D3272352CA}"
EndProject
Project("{FAE04EC0-301F-11D3-BF4B-00C04F79EFBC}") = "Unity.Mathematics.Editor", "Unity.Mathematics.Editor.csproj", "{DDD50A6A-8F91-3267-6A1B-D9B432B1F89D}"
EndProject
Project("{FAE04EC0-301F-11D3-BF4B-00C04F79EFBC}") = "Unity.InternalAPIEditorBridge.001", "Unity.InternalAPIEditorBridge.001.csproj", "{DBD3A65A-D892-7538-6326-FB575240F21E}"
EndProject
Project("{FAE04EC0-301F-11D3-BF4B-00C04F79EFBC}") = "UnityEngine.UI", "UnityEngine.UI.Player.csproj", "{8934A281-244E-043D-17B4-3E088D0DA8F0}"
EndProject
Project("{FAE04EC0-301F-11D3-BF4B-00C04F79EFBC}") = "UnityEngine.TestRunner", "UnityEngine.TestRunner.Player.csproj", "{63F69FFB-61D7-1891-4D52-FD284F26E796}"
EndProject
Project("{FAE04EC0-301F-11D3-BF4B-00C04F79EFBC}") = "Unity.Mathematics", "Unity.Mathematics.Player.csproj", "{B55C53A5-0DF7-2A4F-B8FB-767894718B15}"
EndProject
Project("{FAE04EC0-301F-11D3-BF4B-00C04F79EFBC}") = "Unity.Timeline", "Unity.Timeline.Player.csproj", "{09036FD7-E2D8-7432-D44E-83F5E56E5B22}"
EndProject
Project("{FAE04EC0-301F-11D3-BF4B-00C04F79EFBC}") = "Unity.TextMeshPro", "Unity.TextMeshPro.Player.csproj", "{A18C6744-329D-D7ED-6BCC-2AF1A3DA66DA}"
EndProject
Project("{FAE04EC0-301F-11D3-BF4B-00C04F79EFBC}") = "Unity.2D.Animation.Runtime", "Unity.2D.Animation.Runtime.Player.csproj", "{8C1C20A2-3CF2-F771-39C5-4B145DC26305}"
EndProject
Project("{FAE04EC0-301F-11D3-BF4B-00C04F79EFBC}") = "Unity.2D.IK.Runtime", "Unity.2D.IK.Runtime.Player.csproj", "{015C5EDA-10ED-7E48-5089-88F799718395}"
EndProject
Project("{FAE04EC0-301F-11D3-BF4B-00C04F79EFBC}") = "Unity.2D.SpriteShape.Runtime", "Unity.2D.SpriteShape.Runtime.Player.csproj", "{FCBA2A51-BEB3-7CE1-B51A-33B0D5E37E18}"
EndProject
Project("{FAE04EC0-301F-11D3-BF4B-00C04F79EFBC}") = "Assembly-CSharp", "Assembly-CSharp.Player.csproj", "{F482047E-61E6-B4D7-C94F-285006E09FD5}"
EndProject
Project("{FAE04EC0-301F-11D3-BF4B-00C04F79EFBC}") = "Unity.2D.PixelPerfect", "Unity.2D.PixelPerfect.Player.csproj", "{28539AC0-BBBB-A07D-AD84-F66D33A3D580}"
EndProject
Project("{FAE04EC0-301F-11D3-BF4B-00C04F79EFBC}") = "Unity.2D.Common.Runtime", "Unity.2D.Common.Runtime.Player.csproj", "{A0666AD4-FC57-A488-A406-CF7D82E6C65A}"
EndProject
Project("{FAE04EC0-301F-11D3-BF4B-00C04F79EFBC}") = "Unity.InternalAPIEngineBridge.001", "Unity.InternalAPIEngineBridge.001.Player.csproj", "{B4ECAF27-0A94-1A9B-DC2F-5A7FC6C32992}"
EndProject
Global
	GlobalSection(SolutionConfigurationPlatforms) = preSolution
		Debug|Any CPU = Debug|Any CPU
		Release|Any CPU = Release|Any CPU
	EndGlobalSection
	GlobalSection(ProjectConfigurationPlatforms) = postSolution
		{5F72B682-5E5E-6244-9179-BC7BDE98472D}.Debug|Any CPU.ActiveCfg = Debug|Any CPU
		{5F72B682-5E5E-6244-9179-BC7BDE98472D}.Debug|Any CPU.Build.0 = Debug|Any CPU
		{5F72B682-5E5E-6244-9179-BC7BDE98472D}.Release|Any CPU.ActiveCfg = Release|Any CPU
		{5F72B682-5E5E-6244-9179-BC7BDE98472D}.Release|Any CPU.Build.0 = Release|Any CPU
		{47D802D0-4DDB-26BE-3127-17FAC0CCBC03}.Debug|Any CPU.ActiveCfg = Debug|Any CPU
		{47D802D0-4DDB-26BE-3127-17FAC0CCBC03}.Debug|Any CPU.Build.0 = Debug|Any CPU
		{47D802D0-4DDB-26BE-3127-17FAC0CCBC03}.Release|Any CPU.ActiveCfg = Release|Any CPU
		{47D802D0-4DDB-26BE-3127-17FAC0CCBC03}.Release|Any CPU.Build.0 = Release|Any CPU
		{3BCB8545-D362-4D4A-997C-8FBEEF6498FC}.Debug|Any CPU.ActiveCfg = Debug|Any CPU
		{3BCB8545-D362-4D4A-997C-8FBEEF6498FC}.Debug|Any CPU.Build.0 = Debug|Any CPU
		{3BCB8545-D362-4D4A-997C-8FBEEF6498FC}.Release|Any CPU.ActiveCfg = Release|Any CPU
		{3BCB8545-D362-4D4A-997C-8FBEEF6498FC}.Release|Any CPU.Build.0 = Release|Any CPU
		{2391AD8D-996B-4FDD-AABC-94DEBBBE1F5D}.Debug|Any CPU.ActiveCfg = Debug|Any CPU
		{2391AD8D-996B-4FDD-AABC-94DEBBBE1F5D}.Debug|Any CPU.Build.0 = Debug|Any CPU
		{2391AD8D-996B-4FDD-AABC-94DEBBBE1F5D}.Release|Any CPU.ActiveCfg = Release|Any CPU
		{2391AD8D-996B-4FDD-AABC-94DEBBBE1F5D}.Release|Any CPU.Build.0 = Release|Any CPU
		{3259524A-498C-6879-DB3F-50323481811D}.Debug|Any CPU.ActiveCfg = Debug|Any CPU
		{3259524A-498C-6879-DB3F-50323481811D}.Debug|Any CPU.Build.0 = Debug|Any CPU
		{3259524A-498C-6879-DB3F-50323481811D}.Release|Any CPU.ActiveCfg = Release|Any CPU
		{3259524A-498C-6879-DB3F-50323481811D}.Release|Any CPU.Build.0 = Release|Any CPU
		{6A62178D-A9C3-7041-0EB5-2BA3FDFD84FD}.Debug|Any CPU.ActiveCfg = Debug|Any CPU
		{6A62178D-A9C3-7041-0EB5-2BA3FDFD84FD}.Debug|Any CPU.Build.0 = Debug|Any CPU
		{6A62178D-A9C3-7041-0EB5-2BA3FDFD84FD}.Release|Any CPU.ActiveCfg = Release|Any CPU
		{6A62178D-A9C3-7041-0EB5-2BA3FDFD84FD}.Release|Any CPU.Build.0 = Release|Any CPU
		{03AD740B-1CBE-BF58-A048-65C09B2103D3}.Debug|Any CPU.ActiveCfg = Debug|Any CPU
		{03AD740B-1CBE-BF58-A048-65C09B2103D3}.Debug|Any CPU.Build.0 = Debug|Any CPU
		{03AD740B-1CBE-BF58-A048-65C09B2103D3}.Release|Any CPU.ActiveCfg = Release|Any CPU
		{03AD740B-1CBE-BF58-A048-65C09B2103D3}.Release|Any CPU.Build.0 = Release|Any CPU
		{8852BCBD-DC84-E218-913B-90F9E32DB672}.Debug|Any CPU.ActiveCfg = Debug|Any CPU
		{8852BCBD-DC84-E218-913B-90F9E32DB672}.Debug|Any CPU.Build.0 = Debug|Any CPU
		{8852BCBD-DC84-E218-913B-90F9E32DB672}.Release|Any CPU.ActiveCfg = Release|Any CPU
		{8852BCBD-DC84-E218-913B-90F9E32DB672}.Release|Any CPU.Build.0 = Release|Any CPU
		{A4AF7DC0-83E0-8134-0952-50091179DEF6}.Debug|Any CPU.ActiveCfg = Debug|Any CPU
		{A4AF7DC0-83E0-8134-0952-50091179DEF6}.Debug|Any CPU.Build.0 = Debug|Any CPU
		{A4AF7DC0-83E0-8134-0952-50091179DEF6}.Release|Any CPU.ActiveCfg = Release|Any CPU
		{A4AF7DC0-83E0-8134-0952-50091179DEF6}.Release|Any CPU.Build.0 = Release|Any CPU
		{1661D226-254B-8AAE-EC59-35AA432128BB}.Debug|Any CPU.ActiveCfg = Debug|Any CPU
		{1661D226-254B-8AAE-EC59-35AA432128BB}.Debug|Any CPU.Build.0 = Debug|Any CPU
		{1661D226-254B-8AAE-EC59-35AA432128BB}.Release|Any CPU.ActiveCfg = Release|Any CPU
		{1661D226-254B-8AAE-EC59-35AA432128BB}.Release|Any CPU.Build.0 = Release|Any CPU
		{E8C7DDB1-6BD7-AA94-7755-C9EB52D013B5}.Debug|Any CPU.ActiveCfg = Debug|Any CPU
		{E8C7DDB1-6BD7-AA94-7755-C9EB52D013B5}.Debug|Any CPU.Build.0 = Debug|Any CPU
		{E8C7DDB1-6BD7-AA94-7755-C9EB52D013B5}.Release|Any CPU.ActiveCfg = Release|Any CPU
		{E8C7DDB1-6BD7-AA94-7755-C9EB52D013B5}.Release|Any CPU.Build.0 = Release|Any CPU
		{291B6558-7A02-96AA-C7A5-421A526CA526}.Debug|Any CPU.ActiveCfg = Debug|Any CPU
		{291B6558-7A02-96AA-C7A5-421A526CA526}.Debug|Any CPU.Build.0 = Debug|Any CPU
		{291B6558-7A02-96AA-C7A5-421A526CA526}.Release|Any CPU.ActiveCfg = Release|Any CPU
		{291B6558-7A02-96AA-C7A5-421A526CA526}.Release|Any CPU.Build.0 = Release|Any CPU
		{2EAE1F71-E4D3-3634-7044-8AB63F06C3F7}.Debug|Any CPU.ActiveCfg = Debug|Any CPU
		{2EAE1F71-E4D3-3634-7044-8AB63F06C3F7}.Debug|Any CPU.Build.0 = Debug|Any CPU
		{2EAE1F71-E4D3-3634-7044-8AB63F06C3F7}.Release|Any CPU.ActiveCfg = Release|Any CPU
		{2EAE1F71-E4D3-3634-7044-8AB63F06C3F7}.Release|Any CPU.Build.0 = Release|Any CPU
		{4A6E0693-76D3-1C5C-822E-85F7836551B5}.Debug|Any CPU.ActiveCfg = Debug|Any CPU
		{4A6E0693-76D3-1C5C-822E-85F7836551B5}.Debug|Any CPU.Build.0 = Debug|Any CPU
		{4A6E0693-76D3-1C5C-822E-85F7836551B5}.Release|Any CPU.ActiveCfg = Release|Any CPU
		{4A6E0693-76D3-1C5C-822E-85F7836551B5}.Release|Any CPU.Build.0 = Release|Any CPU
		{FE00C2E0-0698-D5F6-A718-74AF7CE9562D}.Debug|Any CPU.ActiveCfg = Debug|Any CPU
		{FE00C2E0-0698-D5F6-A718-74AF7CE9562D}.Debug|Any CPU.Build.0 = Debug|Any CPU
		{FE00C2E0-0698-D5F6-A718-74AF7CE9562D}.Release|Any CPU.ActiveCfg = Release|Any CPU
		{FE00C2E0-0698-D5F6-A718-74AF7CE9562D}.Release|Any CPU.Build.0 = Release|Any CPU
		{3DBC4CBF-4066-BB2A-A18B-387D9B909D9C}.Debug|Any CPU.ActiveCfg = Debug|Any CPU
		{3DBC4CBF-4066-BB2A-A18B-387D9B909D9C}.Debug|Any CPU.Build.0 = Debug|Any CPU
		{3DBC4CBF-4066-BB2A-A18B-387D9B909D9C}.Release|Any CPU.ActiveCfg = Release|Any CPU
		{3DBC4CBF-4066-BB2A-A18B-387D9B909D9C}.Release|Any CPU.Build.0 = Release|Any CPU
		{6D09D959-ECD1-8DDA-EACF-B85DFFE44059}.Debug|Any CPU.ActiveCfg = Debug|Any CPU
		{6D09D959-ECD1-8DDA-EACF-B85DFFE44059}.Debug|Any CPU.Build.0 = Debug|Any CPU
		{6D09D959-ECD1-8DDA-EACF-B85DFFE44059}.Release|Any CPU.ActiveCfg = Release|Any CPU
		{6D09D959-ECD1-8DDA-EACF-B85DFFE44059}.Release|Any CPU.Build.0 = Release|Any CPU
		{E692A7B7-26D1-1105-D0AF-1F200B8DB8A5}.Debug|Any CPU.ActiveCfg = Debug|Any CPU
		{E692A7B7-26D1-1105-D0AF-1F200B8DB8A5}.Debug|Any CPU.Build.0 = Debug|Any CPU
		{E692A7B7-26D1-1105-D0AF-1F200B8DB8A5}.Release|Any CPU.ActiveCfg = Release|Any CPU
		{E692A7B7-26D1-1105-D0AF-1F200B8DB8A5}.Release|Any CPU.Build.0 = Release|Any CPU
		{AF9E8F3A-66BA-B187-9166-72086CD1655A}.Debug|Any CPU.ActiveCfg = Debug|Any CPU
		{AF9E8F3A-66BA-B187-9166-72086CD1655A}.Debug|Any CPU.Build.0 = Debug|Any CPU
		{AF9E8F3A-66BA-B187-9166-72086CD1655A}.Release|Any CPU.ActiveCfg = Release|Any CPU
		{AF9E8F3A-66BA-B187-9166-72086CD1655A}.Release|Any CPU.Build.0 = Release|Any CPU
		{0B05C89A-186C-D742-98E9-4E15840B4D45}.Debug|Any CPU.ActiveCfg = Debug|Any CPU
		{0B05C89A-186C-D742-98E9-4E15840B4D45}.Debug|Any CPU.Build.0 = Debug|Any CPU
		{0B05C89A-186C-D742-98E9-4E15840B4D45}.Release|Any CPU.ActiveCfg = Release|Any CPU
		{0B05C89A-186C-D742-98E9-4E15840B4D45}.Release|Any CPU.Build.0 = Release|Any CPU
		{16DB0CAB-3C0D-11EE-9906-07BAF8DF4150}.Debug|Any CPU.ActiveCfg = Debug|Any CPU
		{16DB0CAB-3C0D-11EE-9906-07BAF8DF4150}.Debug|Any CPU.Build.0 = Debug|Any CPU
		{16DB0CAB-3C0D-11EE-9906-07BAF8DF4150}.Release|Any CPU.ActiveCfg = Release|Any CPU
		{16DB0CAB-3C0D-11EE-9906-07BAF8DF4150}.Release|Any CPU.Build.0 = Release|Any CPU
		{52A24C81-036E-AA61-9812-E8EDCC9BC375}.Debug|Any CPU.ActiveCfg = Debug|Any CPU
		{52A24C81-036E-AA61-9812-E8EDCC9BC375}.Debug|Any CPU.Build.0 = Debug|Any CPU
		{52A24C81-036E-AA61-9812-E8EDCC9BC375}.Release|Any CPU.ActiveCfg = Release|Any CPU
		{52A24C81-036E-AA61-9812-E8EDCC9BC375}.Release|Any CPU.Build.0 = Release|Any CPU
		{091F65BE-DF01-8A42-58C9-42CE015306EA}.Debug|Any CPU.ActiveCfg = Debug|Any CPU
		{091F65BE-DF01-8A42-58C9-42CE015306EA}.Debug|Any CPU.Build.0 = Debug|Any CPU
		{091F65BE-DF01-8A42-58C9-42CE015306EA}.Release|Any CPU.ActiveCfg = Release|Any CPU
		{091F65BE-DF01-8A42-58C9-42CE015306EA}.Release|Any CPU.Build.0 = Release|Any CPU
		{E74A8892-A61E-9F53-FA6C-AD6B1399E408}.Debug|Any CPU.ActiveCfg = Debug|Any CPU
		{E74A8892-A61E-9F53-FA6C-AD6B1399E408}.Debug|Any CPU.Build.0 = Debug|Any CPU
		{E74A8892-A61E-9F53-FA6C-AD6B1399E408}.Release|Any CPU.ActiveCfg = Release|Any CPU
		{E74A8892-A61E-9F53-FA6C-AD6B1399E408}.Release|Any CPU.Build.0 = Release|Any CPU
		{0E51CA41-6D88-BEFC-7CDA-6B8543BEB669}.Debug|Any CPU.ActiveCfg = Debug|Any CPU
		{0E51CA41-6D88-BEFC-7CDA-6B8543BEB669}.Debug|Any CPU.Build.0 = Debug|Any CPU
		{0E51CA41-6D88-BEFC-7CDA-6B8543BEB669}.Release|Any CPU.ActiveCfg = Release|Any CPU
		{0E51CA41-6D88-BEFC-7CDA-6B8543BEB669}.Release|Any CPU.Build.0 = Release|Any CPU
		{9DCDE630-6BC5-3010-4744-15CA26239813}.Debug|Any CPU.ActiveCfg = Debug|Any CPU
		{9DCDE630-6BC5-3010-4744-15CA26239813}.Debug|Any CPU.Build.0 = Debug|Any CPU
		{9DCDE630-6BC5-3010-4744-15CA26239813}.Release|Any CPU.ActiveCfg = Release|Any CPU
		{9DCDE630-6BC5-3010-4744-15CA26239813}.Release|Any CPU.Build.0 = Release|Any CPU
		{1C44A382-FA02-CFF6-F984-B4926A497302}.Debug|Any CPU.ActiveCfg = Debug|Any CPU
		{1C44A382-FA02-CFF6-F984-B4926A497302}.Debug|Any CPU.Build.0 = Debug|Any CPU
		{1C44A382-FA02-CFF6-F984-B4926A497302}.Release|Any CPU.ActiveCfg = Release|Any CPU
		{1C44A382-FA02-CFF6-F984-B4926A497302}.Release|Any CPU.Build.0 = Release|Any CPU
		{790C9FFD-021B-A4D9-E889-3F691D240556}.Debug|Any CPU.ActiveCfg = Debug|Any CPU
		{790C9FFD-021B-A4D9-E889-3F691D240556}.Debug|Any CPU.Build.0 = Debug|Any CPU
		{790C9FFD-021B-A4D9-E889-3F691D240556}.Release|Any CPU.ActiveCfg = Release|Any CPU
		{790C9FFD-021B-A4D9-E889-3F691D240556}.Release|Any CPU.Build.0 = Release|Any CPU
		{80DB0590-4059-B4A7-4284-A841E191AB38}.Debug|Any CPU.ActiveCfg = Debug|Any CPU
		{80DB0590-4059-B4A7-4284-A841E191AB38}.Debug|Any CPU.Build.0 = Debug|Any CPU
		{80DB0590-4059-B4A7-4284-A841E191AB38}.Release|Any CPU.ActiveCfg = Release|Any CPU
		{80DB0590-4059-B4A7-4284-A841E191AB38}.Release|Any CPU.Build.0 = Release|Any CPU
		{A8D44F87-D42E-4DAE-70FE-A5CDAFAD68FF}.Debug|Any CPU.ActiveCfg = Debug|Any CPU
		{A8D44F87-D42E-4DAE-70FE-A5CDAFAD68FF}.Debug|Any CPU.Build.0 = Debug|Any CPU
		{A8D44F87-D42E-4DAE-70FE-A5CDAFAD68FF}.Release|Any CPU.ActiveCfg = Release|Any CPU
		{A8D44F87-D42E-4DAE-70FE-A5CDAFAD68FF}.Release|Any CPU.Build.0 = Release|Any CPU
		{068BFA04-708E-3EC3-9560-F3343F3B764F}.Debug|Any CPU.ActiveCfg = Debug|Any CPU
		{068BFA04-708E-3EC3-9560-F3343F3B764F}.Debug|Any CPU.Build.0 = Debug|Any CPU
		{068BFA04-708E-3EC3-9560-F3343F3B764F}.Release|Any CPU.ActiveCfg = Release|Any CPU
		{068BFA04-708E-3EC3-9560-F3343F3B764F}.Release|Any CPU.Build.0 = Release|Any CPU
		{9967E47D-1517-E437-FD0D-D96F5546DB2E}.Debug|Any CPU.ActiveCfg = Debug|Any CPU
		{9967E47D-1517-E437-FD0D-D96F5546DB2E}.Debug|Any CPU.Build.0 = Debug|Any CPU
		{9967E47D-1517-E437-FD0D-D96F5546DB2E}.Release|Any CPU.ActiveCfg = Release|Any CPU
		{9967E47D-1517-E437-FD0D-D96F5546DB2E}.Release|Any CPU.Build.0 = Release|Any CPU
		{BE1F0C22-C643-7599-E5A2-58D3272352CA}.Debug|Any CPU.ActiveCfg = Debug|Any CPU
		{BE1F0C22-C643-7599-E5A2-58D3272352CA}.Debug|Any CPU.Build.0 = Debug|Any CPU
		{BE1F0C22-C643-7599-E5A2-58D3272352CA}.Release|Any CPU.ActiveCfg = Release|Any CPU
		{BE1F0C22-C643-7599-E5A2-58D3272352CA}.Release|Any CPU.Build.0 = Release|Any CPU
		{DDD50A6A-8F91-3267-6A1B-D9B432B1F89D}.Debug|Any CPU.ActiveCfg = Debug|Any CPU
		{DDD50A6A-8F91-3267-6A1B-D9B432B1F89D}.Debug|Any CPU.Build.0 = Debug|Any CPU
		{DDD50A6A-8F91-3267-6A1B-D9B432B1F89D}.Release|Any CPU.ActiveCfg = Release|Any CPU
		{DDD50A6A-8F91-3267-6A1B-D9B432B1F89D}.Release|Any CPU.Build.0 = Release|Any CPU
		{DBD3A65A-D892-7538-6326-FB575240F21E}.Debug|Any CPU.ActiveCfg = Debug|Any CPU
		{DBD3A65A-D892-7538-6326-FB575240F21E}.Debug|Any CPU.Build.0 = Debug|Any CPU
		{DBD3A65A-D892-7538-6326-FB575240F21E}.Release|Any CPU.ActiveCfg = Release|Any CPU
		{DBD3A65A-D892-7538-6326-FB575240F21E}.Release|Any CPU.Build.0 = Release|Any CPU
		{8934A281-244E-043D-17B4-3E088D0DA8F0}.Debug|Any CPU.ActiveCfg = Debug|Any CPU
		{8934A281-244E-043D-17B4-3E088D0DA8F0}.Debug|Any CPU.Build.0 = Debug|Any CPU
		{8934A281-244E-043D-17B4-3E088D0DA8F0}.Release|Any CPU.ActiveCfg = Release|Any CPU
		{8934A281-244E-043D-17B4-3E088D0DA8F0}.Release|Any CPU.Build.0 = Release|Any CPU
		{63F69FFB-61D7-1891-4D52-FD284F26E796}.Debug|Any CPU.ActiveCfg = Debug|Any CPU
		{63F69FFB-61D7-1891-4D52-FD284F26E796}.Debug|Any CPU.Build.0 = Debug|Any CPU
		{63F69FFB-61D7-1891-4D52-FD284F26E796}.Release|Any CPU.ActiveCfg = Release|Any CPU
		{63F69FFB-61D7-1891-4D52-FD284F26E796}.Release|Any CPU.Build.0 = Release|Any CPU
		{B55C53A5-0DF7-2A4F-B8FB-767894718B15}.Debug|Any CPU.ActiveCfg = Debug|Any CPU
		{B55C53A5-0DF7-2A4F-B8FB-767894718B15}.Debug|Any CPU.Build.0 = Debug|Any CPU
		{B55C53A5-0DF7-2A4F-B8FB-767894718B15}.Release|Any CPU.ActiveCfg = Release|Any CPU
		{B55C53A5-0DF7-2A4F-B8FB-767894718B15}.Release|Any CPU.Build.0 = Release|Any CPU
		{09036FD7-E2D8-7432-D44E-83F5E56E5B22}.Debug|Any CPU.ActiveCfg = Debug|Any CPU
		{09036FD7-E2D8-7432-D44E-83F5E56E5B22}.Debug|Any CPU.Build.0 = Debug|Any CPU
		{09036FD7-E2D8-7432-D44E-83F5E56E5B22}.Release|Any CPU.ActiveCfg = Release|Any CPU
		{09036FD7-E2D8-7432-D44E-83F5E56E5B22}.Release|Any CPU.Build.0 = Release|Any CPU
		{A18C6744-329D-D7ED-6BCC-2AF1A3DA66DA}.Debug|Any CPU.ActiveCfg = Debug|Any CPU
		{A18C6744-329D-D7ED-6BCC-2AF1A3DA66DA}.Debug|Any CPU.Build.0 = Debug|Any CPU
		{A18C6744-329D-D7ED-6BCC-2AF1A3DA66DA}.Release|Any CPU.ActiveCfg = Release|Any CPU
		{A18C6744-329D-D7ED-6BCC-2AF1A3DA66DA}.Release|Any CPU.Build.0 = Release|Any CPU
		{8C1C20A2-3CF2-F771-39C5-4B145DC26305}.Debug|Any CPU.ActiveCfg = Debug|Any CPU
		{8C1C20A2-3CF2-F771-39C5-4B145DC26305}.Debug|Any CPU.Build.0 = Debug|Any CPU
		{8C1C20A2-3CF2-F771-39C5-4B145DC26305}.Release|Any CPU.ActiveCfg = Release|Any CPU
		{8C1C20A2-3CF2-F771-39C5-4B145DC26305}.Release|Any CPU.Build.0 = Release|Any CPU
		{015C5EDA-10ED-7E48-5089-88F799718395}.Debug|Any CPU.ActiveCfg = Debug|Any CPU
		{015C5EDA-10ED-7E48-5089-88F799718395}.Debug|Any CPU.Build.0 = Debug|Any CPU
		{015C5EDA-10ED-7E48-5089-88F799718395}.Release|Any CPU.ActiveCfg = Release|Any CPU
		{015C5EDA-10ED-7E48-5089-88F799718395}.Release|Any CPU.Build.0 = Release|Any CPU
		{FCBA2A51-BEB3-7CE1-B51A-33B0D5E37E18}.Debug|Any CPU.ActiveCfg = Debug|Any CPU
		{FCBA2A51-BEB3-7CE1-B51A-33B0D5E37E18}.Debug|Any CPU.Build.0 = Debug|Any CPU
		{FCBA2A51-BEB3-7CE1-B51A-33B0D5E37E18}.Release|Any CPU.ActiveCfg = Release|Any CPU
		{FCBA2A51-BEB3-7CE1-B51A-33B0D5E37E18}.Release|Any CPU.Build.0 = Release|Any CPU
		{F482047E-61E6-B4D7-C94F-285006E09FD5}.Debug|Any CPU.ActiveCfg = Debug|Any CPU
		{F482047E-61E6-B4D7-C94F-285006E09FD5}.Debug|Any CPU.Build.0 = Debug|Any CPU
		{F482047E-61E6-B4D7-C94F-285006E09FD5}.Release|Any CPU.ActiveCfg = Release|Any CPU
		{F482047E-61E6-B4D7-C94F-285006E09FD5}.Release|Any CPU.Build.0 = Release|Any CPU
		{28539AC0-BBBB-A07D-AD84-F66D33A3D580}.Debug|Any CPU.ActiveCfg = Debug|Any CPU
		{28539AC0-BBBB-A07D-AD84-F66D33A3D580}.Debug|Any CPU.Build.0 = Debug|Any CPU
		{28539AC0-BBBB-A07D-AD84-F66D33A3D580}.Release|Any CPU.ActiveCfg = Release|Any CPU
		{28539AC0-BBBB-A07D-AD84-F66D33A3D580}.Release|Any CPU.Build.0 = Release|Any CPU
		{A0666AD4-FC57-A488-A406-CF7D82E6C65A}.Debug|Any CPU.ActiveCfg = Debug|Any CPU
		{A0666AD4-FC57-A488-A406-CF7D82E6C65A}.Debug|Any CPU.Build.0 = Debug|Any CPU
		{A0666AD4-FC57-A488-A406-CF7D82E6C65A}.Release|Any CPU.ActiveCfg = Release|Any CPU
		{A0666AD4-FC57-A488-A406-CF7D82E6C65A}.Release|Any CPU.Build.0 = Release|Any CPU
		{B4ECAF27-0A94-1A9B-DC2F-5A7FC6C32992}.Debug|Any CPU.ActiveCfg = Debug|Any CPU
		{B4ECAF27-0A94-1A9B-DC2F-5A7FC6C32992}.Debug|Any CPU.Build.0 = Debug|Any CPU
		{B4ECAF27-0A94-1A9B-DC2F-5A7FC6C32992}.Release|Any CPU.ActiveCfg = Release|Any CPU
		{B4ECAF27-0A94-1A9B-DC2F-5A7FC6C32992}.Release|Any CPU.Build.0 = Release|Any CPU
	EndGlobalSection
	GlobalSection(SolutionProperties) = preSolution
		HideSolutionNode = FALSE
	EndGlobalSection
EndGlobal
